
Microsoft Visual Studio Solution File, Format Version 12.00
# Visual Studio Version 16
VisualStudioVersion = 16.0.31005.135
MinimumVisualStudioVersion = 10.0.40219.1
Project("{FAE04EC0-301F-11D3-BF4B-00C04F79EFBC}") = "WpfApp1", "WpfApp1\WpfApp1.csproj", "{425E8C93-1CB4-450E-A7AD-49DD075A2BCD}"
EndProject
Global
	GlobalSection(SolutionConfigurationPlatforms) = preSolution
		Debug|Any CPU = Debug|Any CPU
		Release|Any CPU = Release|Any CPU
	EndGlobalSection
	GlobalSection(ProjectConfigurationPlatforms) = postSolution
		{425E8C93-1CB4-450E-A7AD-49DD075A2BCD}.Debug|Any CPU.ActiveCfg = Debug|Any CPU
		{425E8C93-1CB4-450E-A7AD-49DD075A2BCD}.Debug|Any CPU.Build.0 = Debug|Any CPU
		{425E8C93-1CB4-450E-A7AD-49DD075A2BCD}.Release|Any CPU.ActiveCfg = Release|Any CPU
		{425E8C93-1CB4-450E-A7AD-49DD075A2BCD}.Release|Any CPU.Build.0 = Release|Any CPU
	EndGlobalSection
	GlobalSection(SolutionProperties) = preSolution
		HideSolutionNode = FALSE
	EndGlobalSection
	GlobalSection(ExtensibilityGlobals) = postSolution
		SolutionGuid = {DD120166-55E0-4C4F-9C08-A7E2BD868BFA}
	EndGlobalSection
EndGlobal
